
Microsoft Visual Studio Solution File, Format Version 12.00
# Visual Studio Version 17
VisualStudioVersion = 17.4.33205.214
MinimumVisualStudioVersion = 10.0.40219.1
Project("{9A19103F-16F7-4668-BE54-9A1E7A4F7556}") = "calculator refactor", "calculator refactor.csproj", "{4A64ECB3-6889-43EE-81D8-AE6B5A46BCF7}"
EndProject
Project("{FAE04EC0-301F-11D3-BF4B-00C04F79EFBC}") = "CalculatorUnitTest", "..\CalculatorUnitTest\CalculatorUnitTest.csproj", "{0D2A5AF5-36CD-4163-81BC-C4643EA80B41}"
EndProject
Global
	GlobalSection(SolutionConfigurationPlatforms) = preSolution
		Debug|Any CPU = Debug|Any CPU
		Release|Any CPU = Release|Any CPU
	EndGlobalSection
	GlobalSection(ProjectConfigurationPlatforms) = postSolution
		{4A64ECB3-6889-43EE-81D8-AE6B5A46BCF7}.Debug|Any CPU.ActiveCfg = Debug|Any CPU
		{4A64ECB3-6889-43EE-81D8-AE6B5A46BCF7}.Debug|Any CPU.Build.0 = Debug|Any CPU
		{4A64ECB3-6889-43EE-81D8-AE6B5A46BCF7}.Release|Any CPU.ActiveCfg = Release|Any CPU
		{4A64ECB3-6889-43EE-81D8-AE6B5A46BCF7}.Release|Any CPU.Build.0 = Release|Any CPU
		{0D2A5AF5-36CD-4163-81BC-C4643EA80B41}.Debug|Any CPU.ActiveCfg = Debug|Any CPU
		{0D2A5AF5-36CD-4163-81BC-C4643EA80B41}.Debug|Any CPU.Build.0 = Debug|Any CPU
		{0D2A5AF5-36CD-4163-81BC-C4643EA80B41}.Release|Any CPU.ActiveCfg = Release|Any CPU
		{0D2A5AF5-36CD-4163-81BC-C4643EA80B41}.Release|Any CPU.Build.0 = Release|Any CPU
	EndGlobalSection
	GlobalSection(SolutionProperties) = preSolution
		HideSolutionNode = FALSE
	EndGlobalSection
	GlobalSection(ExtensibilityGlobals) = postSolution
		SolutionGuid = {44665662-FBD1-4DF7-B37A-2751587C5503}
	EndGlobalSection
EndGlobal
